{
  "name": "tenpercentbutts",
  "version": "1.0.0",
  "lockfileVersion": 1,
  "requires": true,
  "dependencies": {
    "compromise": {
      "version": "13.1.1",
      "resolved": "https://registry.npmjs.org/compromise/-/compromise-13.1.1.tgz",
      "integrity": "sha512-z54eBM+qbLS2/i/lYwCqDSkUMRXP0QZWW7XsffIiWGZpJPteTRr8laAEXoa4DQM5it5tGpE08cqRa8yZKYTcUw==",
      "requires": {
        "efrt-unpack": "2.2.0"
      }
    },
    "efrt-unpack": {
      "version": "2.2.0",
      "resolved": "https://registry.npmjs.org/efrt-unpack/-/efrt-unpack-2.2.0.tgz",
      "integrity": "sha512-9xUSSj7qcUxz+0r4X3+bwUNttEfGfK5AH+LVa1aTpqdAfrN5VhROYCfcF+up4hp5OL7IUKcZJJrzAGipQRDoiQ=="
    },
    "minimist": {
      "version": "1.2.5",
      "resolved": "https://registry.npmjs.org/minimist/-/minimist-1.2.5.tgz",
      "integrity": "sha512-FM9nNUYrRBAELZQT3xeZQ7fmMOBg6nWNmJKTcgsJeaLstP/UODVpGsr5OhXhhXg6f+qtJ8uiZ+PUxkDWcgIXLw=="
    },
    "nlp-syllables": {
      "version": "0.0.5",
      "resolved": "https://registry.npmjs.org/nlp-syllables/-/nlp-syllables-0.0.5.tgz",
      "integrity": "sha1-0pNWk/2zLAGExFxLgeNYNa7jgsk=",
      "requires": {
        "nlp_compromise": ">=4.12.0"
      }
    },
    "nlp_compromise": {
      "version": "7.0.0",
      "resolved": "https://registry.npmjs.org/nlp_compromise/-/nlp_compromise-7.0.0.tgz",
      "integrity": "sha512-eaA9ZRD9DSwAXU5Iqrtsxtk2rX6U7ZVdZ2eXIL0DSo0dD3ScC3kpzFJbGwK7NCTCGtkrTT7UlPxfFd9GVNIA1A==",
      "requires": {
        "compromise": "^13.1.1"
      }
    },
    "underscore": {
      "version": "1.9.2",
      "resolved": "https://registry.npmjs.org/underscore/-/underscore-1.9.2.tgz",
      "integrity": "sha512-D39qtimx0c1fI3ya1Lnhk3E9nONswSKhnffBI0gME9C99fYOkNi04xs8K6pePLhvl1frbDemkaBQ5ikWllR2HQ=="
    }
  }
}
